
Microsoft Visual Studio Solution File, Format Version 12.00
# Visual Studio Version 16
VisualStudioVersion = 16.0.32228.343
MinimumVisualStudioVersion = 10.0.40219.1
Project("{CC5FD16D-436D-48AD-A40C-5A424C6E3E79}") = "back", "back\back.ccproj", "{6A86CCBB-C9B0-4AB0-8F35-EC43010EF90F}"
EndProject
Project("{FAE04EC0-301F-11D3-BF4B-00C04F79EFBC}") = "ReditService", "ReditService\ReditService.csproj", "{CFA36524-4521-491A-A801-CF64B8A4E0F9}"
EndProject
Project("{CC5FD16D-436D-48AD-A40C-5A424C6E3E79}") = "NotificationService", "NotificationService\NotificationService.ccproj", "{B8AA2343-064E-42E7-9AB7-511830F6672D}"
EndProject
Project("{FAE04EC0-301F-11D3-BF4B-00C04F79EFBC}") = "NotificationWorker", "NotificationWorker\NotificationWorker.csproj", "{56917052-BB12-43BA-85F2-23A4CFE114F9}"
EndProject
Project("{CC5FD16D-436D-48AD-A40C-5A424C6E3E79}") = "HealthMonitoringService", "HealthMonitoringService\HealthMonitoringService.ccproj", "{47183FB0-840E-45F2-AE40-818BEE1AFE26}"
EndProject
Project("{FAE04EC0-301F-11D3-BF4B-00C04F79EFBC}") = "HealthMonitoringWorker", "HealthMonitoringWorker\HealthMonitoringWorker.csproj", "{FA96274E-714D-4B3D-BE24-8A8061AA67E5}"
EndProject
Project("{CC5FD16D-436D-48AD-A40C-5A424C6E3E79}") = "HealthStatusService", "HealthStatusService\HealthStatusService.ccproj", "{65AF0EA4-A704-45E8-B3A8-FF569481636C}"
EndProject
Project("{FAE04EC0-301F-11D3-BF4B-00C04F79EFBC}") = "HealthStatusWebRole", "HealthStatusWebRole\HealthStatusWebRole.csproj", "{7E1F2F77-4D42-405D-9EDD-5D8AA7319337}"
EndProject
Project("{FAE04EC0-301F-11D3-BF4B-00C04F79EFBC}") = "AdminTools", "AdminTools\AdminTools.csproj", "{855C5DDE-EA80-427C-B1AA-86A21EAA7CE1}"
EndProject
Global
	GlobalSection(SolutionConfigurationPlatforms) = preSolution
		Debug|Any CPU = Debug|Any CPU
		Release|Any CPU = Release|Any CPU
	EndGlobalSection
	GlobalSection(ProjectConfigurationPlatforms) = postSolution
		{6A86CCBB-C9B0-4AB0-8F35-EC43010EF90F}.Debug|Any CPU.ActiveCfg = Debug|Any CPU
		{6A86CCBB-C9B0-4AB0-8F35-EC43010EF90F}.Debug|Any CPU.Build.0 = Debug|Any CPU
		{6A86CCBB-C9B0-4AB0-8F35-EC43010EF90F}.Release|Any CPU.ActiveCfg = Release|Any CPU
		{6A86CCBB-C9B0-4AB0-8F35-EC43010EF90F}.Release|Any CPU.Build.0 = Release|Any CPU
		{CFA36524-4521-491A-A801-CF64B8A4E0F9}.Debug|Any CPU.ActiveCfg = Debug|Any CPU
		{CFA36524-4521-491A-A801-CF64B8A4E0F9}.Debug|Any CPU.Build.0 = Debug|Any CPU
		{CFA36524-4521-491A-A801-CF64B8A4E0F9}.Release|Any CPU.ActiveCfg = Release|Any CPU
		{CFA36524-4521-491A-A801-CF64B8A4E0F9}.Release|Any CPU.Build.0 = Release|Any CPU
		{B8AA2343-064E-42E7-9AB7-511830F6672D}.Debug|Any CPU.ActiveCfg = Debug|Any CPU
		{B8AA2343-064E-42E7-9AB7-511830F6672D}.Debug|Any CPU.Build.0 = Debug|Any CPU
		{B8AA2343-064E-42E7-9AB7-511830F6672D}.Release|Any CPU.ActiveCfg = Release|Any CPU
		{B8AA2343-064E-42E7-9AB7-511830F6672D}.Release|Any CPU.Build.0 = Release|Any CPU
		{56917052-BB12-43BA-85F2-23A4CFE114F9}.Debug|Any CPU.ActiveCfg = Debug|Any CPU
		{56917052-BB12-43BA-85F2-23A4CFE114F9}.Debug|Any CPU.Build.0 = Debug|Any CPU
		{56917052-BB12-43BA-85F2-23A4CFE114F9}.Release|Any CPU.ActiveCfg = Release|Any CPU
		{56917052-BB12-43BA-85F2-23A4CFE114F9}.Release|Any CPU.Build.0 = Release|Any CPU
		{47183FB0-840E-45F2-AE40-818BEE1AFE26}.Debug|Any CPU.ActiveCfg = Debug|Any CPU
		{47183FB0-840E-45F2-AE40-818BEE1AFE26}.Debug|Any CPU.Build.0 = Debug|Any CPU
		{47183FB0-840E-45F2-AE40-818BEE1AFE26}.Release|Any CPU.ActiveCfg = Release|Any CPU
		{47183FB0-840E-45F2-AE40-818BEE1AFE26}.Release|Any CPU.Build.0 = Release|Any CPU
		{FA96274E-714D-4B3D-BE24-8A8061AA67E5}.Debug|Any CPU.ActiveCfg = Debug|Any CPU
		{FA96274E-714D-4B3D-BE24-8A8061AA67E5}.Debug|Any CPU.Build.0 = Debug|Any CPU
		{FA96274E-714D-4B3D-BE24-8A8061AA67E5}.Release|Any CPU.ActiveCfg = Release|Any CPU
		{FA96274E-714D-4B3D-BE24-8A8061AA67E5}.Release|Any CPU.Build.0 = Release|Any CPU
		{65AF0EA4-A704-45E8-B3A8-FF569481636C}.Debug|Any CPU.ActiveCfg = Debug|Any CPU
		{65AF0EA4-A704-45E8-B3A8-FF569481636C}.Debug|Any CPU.Build.0 = Debug|Any CPU
		{65AF0EA4-A704-45E8-B3A8-FF569481636C}.Release|Any CPU.ActiveCfg = Release|Any CPU
		{65AF0EA4-A704-45E8-B3A8-FF569481636C}.Release|Any CPU.Build.0 = Release|Any CPU
		{7E1F2F77-4D42-405D-9EDD-5D8AA7319337}.Debug|Any CPU.ActiveCfg = Debug|Any CPU
		{7E1F2F77-4D42-405D-9EDD-5D8AA7319337}.Debug|Any CPU.Build.0 = Debug|Any CPU
		{7E1F2F77-4D42-405D-9EDD-5D8AA7319337}.Release|Any CPU.ActiveCfg = Release|Any CPU
		{7E1F2F77-4D42-405D-9EDD-5D8AA7319337}.Release|Any CPU.Build.0 = Release|Any CPU
		{855C5DDE-EA80-427C-B1AA-86A21EAA7CE1}.Debug|Any CPU.ActiveCfg = Debug|Any CPU
		{855C5DDE-EA80-427C-B1AA-86A21EAA7CE1}.Debug|Any CPU.Build.0 = Debug|Any CPU
		{855C5DDE-EA80-427C-B1AA-86A21EAA7CE1}.Release|Any CPU.ActiveCfg = Release|Any CPU
		{855C5DDE-EA80-427C-B1AA-86A21EAA7CE1}.Release|Any CPU.Build.0 = Release|Any CPU
	EndGlobalSection
	GlobalSection(SolutionProperties) = preSolution
		HideSolutionNode = FALSE
	EndGlobalSection
	GlobalSection(ExtensibilityGlobals) = postSolution
		SolutionGuid = {0727CCAE-58B9-4997-8581-1B67BDAC9E64}
	EndGlobalSection
EndGlobal
